Microsoft Visual Studio Solution File, Format Version 11.00
# Visual Studio 2008

Project("{34146047-7970-722D-049B-9F2AB71B3FB8}") = "CS_Levelbau_Prototyping", "Assembly-CSharp-vs.csproj", "{C064556E-647B-7043-0665-00F9B6A0B4E8}"
EndProject
Project("{34146047-7970-722D-049B-9F2AB71B3FB8}") = "CS_Levelbau_Prototyping", "Assembly-CSharp-Editor-vs.csproj", "{17C49755-959D-5729-DD9B-3D68D3A7770D}"
EndProject
Global
	GlobalSection(SolutionConfigurationPlatforms) = preSolution
		Debug|Any CPU = Debug|Any CPU
		Release|Any CPU = Release|Any CPU
	EndGlobalSection
	GlobalSection(ProjectConfigurationPlatforms) = postSolution
		{C064556E-647B-7043-0665-00F9B6A0B4E8}.Debug|Any CPU.ActiveCfg = Debug|Any CPU
		{C064556E-647B-7043-0665-00F9B6A0B4E8}.Debug|Any CPU.Build.0 = Debug|Any CPU
		{C064556E-647B-7043-0665-00F9B6A0B4E8}.Release|Any CPU.ActiveCfg = Release|Any CPU
		{C064556E-647B-7043-0665-00F9B6A0B4E8}.Release|Any CPU.Build.0 = Release|Any CPU
		{17C49755-959D-5729-DD9B-3D68D3A7770D}.Debug|Any CPU.ActiveCfg = Debug|Any CPU
		{17C49755-959D-5729-DD9B-3D68D3A7770D}.Debug|Any CPU.Build.0 = Debug|Any CPU
		{17C49755-959D-5729-DD9B-3D68D3A7770D}.Release|Any CPU.ActiveCfg = Release|Any CPU
		{17C49755-959D-5729-DD9B-3D68D3A7770D}.Release|Any CPU.Build.0 = Release|Any CPU
	EndGlobalSection
	GlobalSection(SolutionProperties) = preSolution
		HideSolutionNode = FALSE
	EndGlobalSection
																GlobalSection(MonoDevelopProperties) = preSolution
		StartupItem = Assembly-CSharp.csproj
		Policies = $0
		$0.TextStylePolicy = $1
		$1.inheritsSet = null
		$1.scope = text/x-csharp
		$0.CSharpFormattingPolicy = $2
		$2.inheritsSet = Mono
		$2.inheritsScope = text/x-csharp
		$2.scope = text/x-csharp
		$0.TextStylePolicy = $3
		$3.FileWidth = 120
		$3.TabWidth = 4
		$3.EolMarker = Unix
		$3.inheritsSet = Mono
		$3.inheritsScope = text/plain
		$3.scope = text/plain
	EndGlobalSection

EndGlobal
