Microsoft Visual Studio Solution File, Format Version 11.00
# Visual Studio 2008

Project("{5BFBF86D-47FF-3575-B2EE-507EFD66F958}") = "CyberSphere", "Assembly-CSharp-firstpass.csproj", "{BB030B2F-10D9-E0DC-3DB6-93DE350DA77E}"
EndProject
Project("{5BFBF86D-47FF-3575-B2EE-507EFD66F958}") = "CyberSphere", "Assembly-CSharp.csproj", "{71B92C7C-1412-230C-08C7-F2097C5673C1}"
EndProject
Project("{5BFBF86D-47FF-3575-B2EE-507EFD66F958}") = "CyberSphere", "Assembly-UnityScript-firstpass.unityproj", "{C4983DB0-4C2F-5D13-7B28-51E4ACBADAF0}"
EndProject
Global
	GlobalSection(SolutionConfigurationPlatforms) = preSolution
		Debug|Any CPU = Debug|Any CPU
		Release|Any CPU = Release|Any CPU
	EndGlobalSection
	GlobalSection(ProjectConfigurationPlatforms) = postSolution
		{BB030B2F-10D9-E0DC-3DB6-93DE350DA77E}.Debug|Any CPU.ActiveCfg = Debug|Any CPU
		{BB030B2F-10D9-E0DC-3DB6-93DE350DA77E}.Debug|Any CPU.Build.0 = Debug|Any CPU
		{BB030B2F-10D9-E0DC-3DB6-93DE350DA77E}.Release|Any CPU.ActiveCfg = Release|Any CPU
		{BB030B2F-10D9-E0DC-3DB6-93DE350DA77E}.Release|Any CPU.Build.0 = Release|Any CPU
		{71B92C7C-1412-230C-08C7-F2097C5673C1}.Debug|Any CPU.ActiveCfg = Debug|Any CPU
		{71B92C7C-1412-230C-08C7-F2097C5673C1}.Debug|Any CPU.Build.0 = Debug|Any CPU
		{71B92C7C-1412-230C-08C7-F2097C5673C1}.Release|Any CPU.ActiveCfg = Release|Any CPU
		{71B92C7C-1412-230C-08C7-F2097C5673C1}.Release|Any CPU.Build.0 = Release|Any CPU
		{C4983DB0-4C2F-5D13-7B28-51E4ACBADAF0}.Debug|Any CPU.ActiveCfg = Debug|Any CPU
		{C4983DB0-4C2F-5D13-7B28-51E4ACBADAF0}.Debug|Any CPU.Build.0 = Debug|Any CPU
		{C4983DB0-4C2F-5D13-7B28-51E4ACBADAF0}.Release|Any CPU.ActiveCfg = Release|Any CPU
		{C4983DB0-4C2F-5D13-7B28-51E4ACBADAF0}.Release|Any CPU.Build.0 = Release|Any CPU
	EndGlobalSection
	GlobalSection(SolutionProperties) = preSolution
		HideSolutionNode = FALSE
	EndGlobalSection
																																																							GlobalSection(MonoDevelopProperties) = preSolution
		StartupItem = Assembly-CSharp.csproj
		Policies = $0
		$0.TextStylePolicy = $1
		$1.inheritsSet = null
		$1.scope = text/x-csharp
		$0.CSharpFormattingPolicy = $2
		$2.inheritsSet = Mono
		$2.inheritsScope = text/x-csharp
		$2.scope = text/x-csharp
		$0.TextStylePolicy = $3
		$3.FileWidth = 120
		$3.TabWidth = 4
		$3.EolMarker = Unix
		$3.inheritsSet = Mono
		$3.inheritsScope = text/plain
		$3.scope = text/plain
	EndGlobalSection

EndGlobal
